
Microsoft Visual Studio Solution File, Format Version 12.00
Project("{FAE04EC0-301F-11D3-BF4B-00C04F79EFBC}") = "Rum.Essentials", "Rum.Essentials\Rum.Essentials.csproj", "{CA059D58-7917-4585-87F6-E5AA9C546F31}"
EndProject
Global
	GlobalSection(SolutionConfigurationPlatforms) = preSolution
		Debug|Any CPU = Debug|Any CPU
		Release|Any CPU = Release|Any CPU
	EndGlobalSection
	GlobalSection(ProjectConfigurationPlatforms) = postSolution
		{CA059D58-7917-4585-87F6-E5AA9C546F31}.Debug|Any CPU.ActiveCfg = Debug|Any CPU
		{CA059D58-7917-4585-87F6-E5AA9C546F31}.Debug|Any CPU.Build.0 = Debug|Any CPU
		{CA059D58-7917-4585-87F6-E5AA9C546F31}.Release|Any CPU.ActiveCfg = Release|Any CPU
		{CA059D58-7917-4585-87F6-E5AA9C546F31}.Release|Any CPU.Build.0 = Release|Any CPU
	EndGlobalSection
EndGlobal
